// !$*UTF8*$!
{
	archiveVersion = 1;
	classes = {
	};
	objectVersion = 46;
	objects = {

/* Begin PBXBuildFile section */
		6D6C26FD1A829C96000D6787 /* main.m in Sources */ = {isa = PBXBuildFile; fileRef = 6D6C26FC1A829C96000D6787 /* main.m */; };
		6D6C27001A829C96000D6787 /* AppDelegate.m in Sources */ = {isa = PBXBuildFile; fileRef = 6D6C26FF1A829C96000D6787 /* AppDelegate.m */; };
		6D6C27061A829C96000D6787 /* Main.storyboard in Resources */ = {isa = PBXBuildFile; fileRef = 6D6C27041A829C96000D6787 /* Main.storyboard */; };
		6D6C27081A829C96000D6787 /* Images.xcassets in Resources */ = {isa = PBXBuildFile; fileRef = 6D6C27071A829C96000D6787 /* Images.xcassets */; };
		6D6C270B1A829C96000D6787 /* LaunchScreen.xib in Resources */ = {isa = PBXBuildFile; fileRef = 6D6C27091A829C96000D6787 /* LaunchScreen.xib */; };
		6D6C27171A829C96000D6787 /* TestGitHubAPITests.m in Sources */ = {isa = PBXBuildFile; fileRef = 6D6C27161A829C96000D6787 /* TestGitHubAPITests.m */; };
		6D6C27221A82B551000D6787 /* TGMainTableViewController.m in Sources */ = {isa = PBXBuildFile; fileRef = 6D6C27211A82B551000D6787 /* TGMainTableViewController.m */; };
		6D6C27271A82B631000D6787 /* TGUser.m in Sources */ = {isa = PBXBuildFile; fileRef = 6D6C27261A82B631000D6787 /* TGUser.m */; };
/* End PBXBuildFile section */

/* Begin PBXContainerItemProxy section */
		6D6C27111A829C96000D6787 /* PBXContainerItemProxy */ = {
			isa = PBXContainerItemProxy;
			containerPortal = 6D6C26EF1A829C96000D6787 /* Project object */;
			proxyType = 1;
			remoteGlobalIDString = 6D6C26F61A829C96000D6787;
			remoteInfo = TestGitHubAPI;
		};
/* End PBXContainerItemProxy section */

/* Begin PBXFileReference section */
		6D6C26F71A829C96000D6787 /* TestGitHubAPI.app */ = {isa = PBXFileReference; explicitFileType = wrapper.application; includeInIndex = 0; path = TestGitHubAPI.app; sourceTree = BUILT_PRODUCTS_DIR; };
		6D6C26FB1A829C96000D6787 /* Info.plist */ = {isa = PBXFileReference; lastKnownFileType = text.plist.xml; path = Info.plist; sourceTree = "<group>"; };
		6D6C26FC1A829C96000D6787 /* main.m */ = {isa = PBXFileReference; lastKnownFileType = sourcecode.c.objc; path = main.m; sourceTree = "<group>"; };
		6D6C26FE1A829C96000D6787 /* AppDelegate.h */ = {isa = PBXFileReference; lastKnownFileType = sourcecode.c.h; path = AppDelegate.h; sourceTree = "<group>"; };
		6D6C26FF1A829C96000D6787 /* AppDelegate.m */ = {isa = PBXFileReference; lastKnownFileType = sourcecode.c.objc; path = AppDelegate.m; sourceTree = "<group>"; };
		6D6C27051A829C96000D6787 /* Base */ = {isa = PBXFileReference; lastKnownFileType = file.storyboard; name = Base; path = Base.lproj/Main.storyboard; sourceTree = "<group>"; };
		6D6C27071A829C96000D6787 /* Images.xcassets */ = {isa = PBXFileReference; lastKnownFileType = folder.assetcatalog; path = Images.xcassets; sourceTree = "<group>"; };
		6D6C270A1A829C96000D6787 /* Base */ = {isa = PBXFileReference; lastKnownFileType = file.xib; name = Base; path = Base.lproj/LaunchScreen.xib; sourceTree = "<group>"; };
		6D6C27101A829C96000D6787 /* TestGitHubAPITests.xctest */ = {isa = PBXFileReference; explicitFileType = wrapper.cfbundle; includeInIndex = 0; path = TestGitHubAPITests.xctest; sourceTree = BUILT_PRODUCTS_DIR; };
		6D6C27151A829C96000D6787 /* Info.plist */ = {isa = PBXFileReference; lastKnownFileType = text.plist.xml; path = Info.plist; sourceTree = "<group>"; };
		6D6C27161A829C96000D6787 /* TestGitHubAPITests.m */ = {isa = PBXFileReference; lastKnownFileType = sourcecode.c.objc; path = TestGitHubAPITests.m; sourceTree = "<group>"; };
		6D6C27201A82B551000D6787 /* TGMainTableViewController.h */ = {isa = PBXFileReference; fileEncoding = 4; lastKnownFileType = sourcecode.c.h; path = TGMainTableViewController.h; sourceTree = "<group>"; };
		6D6C27211A82B551000D6787 /* TGMainTableViewController.m */ = {isa = PBXFileReference; fileEncoding = 4; lastKnownFileType = sourcecode.c.objc; path = TGMainTableViewController.m; sourceTree = "<group>"; };
		6D6C27251A82B631000D6787 /* TGUser.h */ = {isa = PBXFileReference; fileEncoding = 4; lastKnownFileType = sourcecode.c.h; path = TGUser.h; sourceTree = "<group>"; };
		6D6C27261A82B631000D6787 /* TGUser.m */ = {isa = PBXFileReference; fileEncoding = 4; lastKnownFileType = sourcecode.c.objc; path = TGUser.m; sourceTree = "<group>"; };
/* End PBXFileReference section */

/* Begin PBXFrameworksBuildPhase section */
		6D6C26F41A829C96000D6787 /* Frameworks */ = {
			isa = PBXFrameworksBuildPhase;
			buildActionMask = 2147483647;
			files = (
			);
			runOnlyForDeploymentPostprocessing = 0;
		};
		6D6C270D1A829C96000D6787 /* Frameworks */ = {
			isa = PBXFrameworksBuildPhase;
			buildActionMask = 2147483647;
			files = (
			);
			runOnlyForDeploymentPostprocessing = 0;
		};
/* End PBXFrameworksBuildPhase section */

/* Begin PBXGroup section */
		6D6C26EE1A829C96000D6787 = {
			isa = PBXGroup;
			children = (
				6D6C26F91A829C96000D6787 /* TestGitHubAPI */,
				6D6C27131A829C96000D6787 /* TestGitHubAPITests */,
				6D6C26F81A829C96000D6787 /* Products */,
			);
			sourceTree = "<group>";
		};
		6D6C26F81A829C96000D6787 /* Products */ = {
			isa = PBXGroup;
			children = (
				6D6C26F71A829C96000D6787 /* TestGitHubAPI.app */,
				6D6C27101A829C96000D6787 /* TestGitHubAPITests.xctest */,
			);
			name = Products;
			sourceTree = "<group>";
		};
		6D6C26F91A829C96000D6787 /* TestGitHubAPI */ = {
			isa = PBXGroup;
			children = (
				6D6C27241A82B60D000D6787 /* Model */,
				6D6C27231A82B5FF000D6787 /* Controller */,
				6D6C26FE1A829C96000D6787 /* AppDelegate.h */,
				6D6C26FF1A829C96000D6787 /* AppDelegate.m */,
				6D6C27041A829C96000D6787 /* Main.storyboard */,
				6D6C27071A829C96000D6787 /* Images.xcassets */,
				6D6C27091A829C96000D6787 /* LaunchScreen.xib */,
				6D6C26FA1A829C96000D6787 /* Supporting Files */,
			);
			path = TestGitHubAPI;
			sourceTree = "<group>";
		};
		6D6C26FA1A829C96000D6787 /* Supporting Files */ = {
			isa = PBXGroup;
			children = (
				6D6C26FB1A829C96000D6787 /* Info.plist */,
				6D6C26FC1A829C96000D6787 /* main.m */,
			);
			name = "Supporting Files";
			sourceTree = "<group>";
		};
		6D6C27131A829C96000D6787 /* TestGitHubAPITests */ = {
			isa = PBXGroup;
			children = (
				6D6C27161A829C96000D6787 /* TestGitHubAPITests.m */,
				6D6C27141A829C96000D6787 /* Supporting Files */,
			);
			path = TestGitHubAPITests;
			sourceTree = "<group>";
		};
		6D6C27141A829C96000D6787 /* Supporting Files */ = {
			isa = PBXGroup;
			children = (
				6D6C27151A829C96000D6787 /* Info.plist */,
			);
			name = "Supporting Files";
			sourceTree = "<group>";
		};
		6D6C27231A82B5FF000D6787 /* Controller */ = {
			isa = PBXGroup;
			children = (
				6D6C27201A82B551000D6787 /* TGMainTableViewController.h */,
				6D6C27211A82B551000D6787 /* TGMainTableViewController.m */,
			);
			name = Controller;
			sourceTree = "<group>";
		};
		6D6C27241A82B60D000D6787 /* Model */ = {
			isa = PBXGroup;
			children = (
				6D6C27251A82B631000D6787 /* TGUser.h */,
				6D6C27261A82B631000D6787 /* TGUser.m */,
			);
			name = Model;
			sourceTree = "<group>";
		};
/* End PBXGroup section */

/* Begin PBXNativeTarget section */
		6D6C26F61A829C96000D6787 /* TestGitHubAPI */ = {
			isa = PBXNativeTarget;
			buildConfigurationList = 6D6C271A1A829C96000D6787 /* Build configuration list for PBXNativeTarget "TestGitHubAPI" */;
			buildPhases = (
				6D6C26F31A829C96000D6787 /* Sources */,
				6D6C26F41A829C96000D6787 /* Frameworks */,
				6D6C26F51A829C96000D6787 /* Resources */,
			);
			buildRules = (
			);
			dependencies = (
			);
			name = TestGitHubAPI;
			productName = TestGitHubAPI;
			productReference = 6D6C26F71A829C96000D6787 /* TestGitHubAPI.app */;
			productType = "com.apple.product-type.application";
		};
		6D6C270F1A829C96000D6787 /* TestGitHubAPITests */ = {
			isa = PBXNativeTarget;
			buildConfigurationList = 6D6C271D1A829C96000D6787 /* Build configuration list for PBXNativeTarget "TestGitHubAPITests" */;
			buildPhases = (
				6D6C270C1A829C96000D6787 /* Sources */,
				6D6C270D1A829C96000D6787 /* Frameworks */,
				6D6C270E1A829C96000D6787 /* Resources */,
			);
			buildRules = (
			);
			dependencies = (
				6D6C27121A829C96000D6787 /* PBXTargetDependency */,
			);
			name = TestGitHubAPITests;
			productName = TestGitHubAPITests;
			productReference = 6D6C27101A829C96000D6787 /* TestGitHubAPITests.xctest */;
			productType = "com.apple.product-type.bundle.unit-test";
		};
/* End PBXNativeTarget section */

/* Begin PBXProject section */
		6D6C26EF1A829C96000D6787 /* Project object */ = {
			isa = PBXProject;
			attributes = {
				LastUpgradeCheck = 0610;
				ORGANIZATIONNAME = "Боев Александр";
				TargetAttributes = {
					6D6C26F61A829C96000D6787 = {
						CreatedOnToolsVersion = 6.1.1;
					};
					6D6C270F1A829C96000D6787 = {
						CreatedOnToolsVersion = 6.1.1;
						TestTargetID = 6D6C26F61A829C96000D6787;
					};
				};
			};
			buildConfigurationList = 6D6C26F21A829C96000D6787 /* Build configuration list for PBXProject "TestGitHubAPI" */;
			compatibilityVersion = "Xcode 3.2";
			developmentRegion = English;
			hasScannedForEncodings = 0;
			knownRegions = (
				en,
				Base,
			);
			mainGroup = 6D6C26EE1A829C96000D6787;
			productRefGroup = 6D6C26F81A829C96000D6787 /* Products */;
			projectDirPath = "";
			projectRoot = "";
			targets = (
				6D6C26F61A829C96000D6787 /* TestGitHubAPI */,
				6D6C270F1A829C96000D6787 /* TestGitHubAPITests */,
			);
		};
/* End PBXProject section */

/* Begin PBXResourcesBuildPhase section */
		6D6C26F51A829C96000D6787 /* Resources */ = {
			isa = PBXResourcesBuildPhase;
			buildActionMask = 2147483647;
			files = (
				6D6C27061A829C96000D6787 /* Main.storyboard in Resources */,
				6D6C270B1A829C96000D6787 /* LaunchScreen.xib in Resources */,
				6D6C27081A829C96000D6787 /* Images.xcassets in Resources */,
			);
			runOnlyForDeploymentPostprocessing = 0;
		};
		6D6C270E1A829C96000D6787 /* Resources */ = {
			isa = PBXResourcesBuildPhase;
			buildActionMask = 2147483647;
			files = (
			);
			runOnlyForDeploymentPostprocessing = 0;
		};
/* End PBXResourcesBuildPhase section */

/* Begin PBXSourcesBuildPhase section */
		6D6C26F31A829C96000D6787 /* Sources */ = {
			isa = PBXSourcesBuildPhase;
			buildActionMask = 2147483647;
			files = (
				6D6C27001A829C96000D6787 /* AppDelegate.m in Sources */,
				6D6C27271A82B631000D6787 /* TGUser.m in Sources */,
				6D6C26FD1A829C96000D6787 /* main.m in Sources */,
				6D6C27221A82B551000D6787 /* TGMainTableViewController.m in Sources */,
			);
			runOnlyForDeploymentPostprocessing = 0;
		};
		6D6C270C1A829C96000D6787 /* Sources */ = {
			isa = PBXSourcesBuildPhase;
			buildActionMask = 2147483647;
			files = (
				6D6C27171A829C96000D6787 /* TestGitHubAPITests.m in Sources */,
			);
			runOnlyForDeploymentPostprocessing = 0;
		};
/* End PBXSourcesBuildPhase section */

/* Begin PBXTargetDependency section */
		6D6C27121A829C96000D6787 /* PBXTargetDependency */ = {
			isa = PBXTargetDependency;
			target = 6D6C26F61A829C96000D6787 /* TestGitHubAPI */;
			targetProxy = 6D6C27111A829C96000D6787 /* PBXContainerItemProxy */;
		};
/* End PBXTargetDependency section */

/* Begin PBXVariantGroup section */
		6D6C27041A829C96000D6787 /* Main.storyboard */ = {
			isa = PBXVariantGroup;
			children = (
				6D6C27051A829C96000D6787 /* Base */,
			);
			name = Main.storyboard;
			sourceTree = "<group>";
		};
		6D6C27091A829C96000D6787 /* LaunchScreen.xib */ = {
			isa = PBXVariantGroup;
			children = (
				6D6C270A1A829C96000D6787 /* Base */,
			);
			name = LaunchScreen.xib;
			sourceTree = "<group>";
		};
/* End PBXVariantGroup section */

/* Begin XCBuildConfiguration section */
		6D6C27181A829C96000D6787 /* Debug */ = {
			isa = XCBuildConfiguration;
			buildSettings = {
				ALWAYS_SEARCH_USER_PATHS = NO;
				CLANG_CXX_LANGUAGE_STANDARD = "gnu++0x";
				CLANG_CXX_LIBRARY = "libc++";
				CLANG_ENABLE_MODULES = YES;
				CLANG_ENABLE_OBJC_ARC = YES;
				CLANG_WARN_BOOL_CONVERSION = YES;
				CLANG_WARN_CONSTANT_CONVERSION = YES;
				CLANG_WARN_DIRECT_OBJC_ISA_USAGE = YES_ERROR;
				CLANG_WARN_EMPTY_BODY = YES;
				CLANG_WARN_ENUM_CONVERSION = YES;
				CLANG_WARN_INT_CONVERSION = YES;
				CLANG_WARN_OBJC_ROOT_CLASS = YES_ERROR;
				CLANG_WARN_UNREACHABLE_CODE = YES;
				CLANG_WARN__DUPLICATE_METHOD_MATCH = YES;
				"CODE_SIGN_IDENTITY[sdk=iphoneos*]" = "iPhone Developer";
				COPY_PHASE_STRIP = NO;
				ENABLE_STRICT_OBJC_MSGSEND = YES;
				GCC_C_LANGUAGE_STANDARD = gnu99;
				GCC_DYNAMIC_NO_PIC = NO;
				GCC_OPTIMIZATION_LEVEL = 0;
				GCC_PREPROCESSOR_DEFINITIONS = (
					"DEBUG=1",
					"$(inherited)",
				);
				GCC_SYMBOLS_PRIVATE_EXTERN = NO;
				GCC_WARN_64_TO_32_BIT_CONVERSION = YES;
				GCC_WARN_ABOUT_RETURN_TYPE = YES_ERROR;
				GCC_WARN_UNDECLARED_SELECTOR = YES;
				GCC_WARN_UNINITIALIZED_AUTOS = YES_AGGRESSIVE;
				GCC_WARN_UNUSED_FUNCTION = YES;
				GCC_WARN_UNUSED_VARIABLE = YES;
				IPHONEOS_DEPLOYMENT_TARGET = 8.1;
				MTL_ENABLE_DEBUG_INFO = YES;
				ONLY_ACTIVE_ARCH = YES;
				SDKROOT = iphoneos;
			};
			name = Debug;
		};
		6D6C27191A829C96000D6787 /* Release */ = {
			isa = XCBuildConfiguration;
			buildSettings = {
				ALWAYS_SEARCH_USER_PATHS = NO;
				CLANG_CXX_LANGUAGE_STANDARD = "gnu++0x";
				CLANG_CXX_LIBRARY = "libc++";
				CLANG_ENABLE_MODULES = YES;
				CLANG_ENABLE_OBJC_ARC = YES;
				CLANG_WARN_BOOL_CONVERSION = YES;
				CLANG_WARN_CONSTANT_CONVERSION = YES;
				CLANG_WARN_DIRECT_OBJC_ISA_USAGE = YES_ERROR;
				CLANG_WARN_EMPTY_BODY = YES;
				CLANG_WARN_ENUM_CONVERSION = YES;
				CLANG_WARN_INT_CONVERSION = YES;
				CLANG_WARN_OBJC_ROOT_CLASS = YES_ERROR;
				CLANG_WARN_UNREACHABLE_CODE = YES;
				CLANG_WARN__DUPLICATE_METHOD_MATCH = YES;
				"CODE_SIGN_IDENTITY[sdk=iphoneos*]" = "iPhone Developer";
				COPY_PHASE_STRIP = YES;
				ENABLE_NS_ASSERTIONS = NO;
				ENABLE_STRICT_OBJC_MSGSEND = YES;
				GCC_C_LANGUAGE_STANDARD = gnu99;
				GCC_WARN_64_TO_32_BIT_CONVERSION = YES;
				GCC_WARN_ABOUT_RETURN_TYPE = YES_ERROR;
				GCC_WARN_UNDECLARED_SELECTOR = YES;
				GCC_WARN_UNINITIALIZED_AUTOS = YES_AGGRESSIVE;
				GCC_WARN_UNUSED_FUNCTION = YES;
				GCC_WARN_UNUSED_VARIABLE = YES;
				IPHONEOS_DEPLOYMENT_TARGET = 8.1;
				MTL_ENABLE_DEBUG_INFO = NO;
				SDKROOT = iphoneos;
				VALIDATE_PRODUCT = YES;
			};
			name = Release;
		};
		6D6C271B1A829C96000D6787 /* Debug */ = {
			isa = XCBuildConfiguration;
			buildSettings = {
				ASSETCATALOG_COMPILER_APPICON_NAME = AppIcon;
				INFOPLIST_FILE = TestGitHubAPI/Info.plist;
				LD_RUNPATH_SEARCH_PATHS = "$(inherited) @executable_path/Frameworks";
				PRODUCT_NAME = "$(TARGET_NAME)";
			};
			name = Debug;
		};
		6D6C271C1A829C96000D6787 /* Release */ = {
			isa = XCBuildConfiguration;
			buildSettings = {
				ASSETCATALOG_COMPILER_APPICON_NAME = AppIcon;
				INFOPLIST_FILE = TestGitHubAPI/Info.plist;
				LD_RUNPATH_SEARCH_PATHS = "$(inherited) @executable_path/Frameworks";
				PRODUCT_NAME = "$(TARGET_NAME)";
			};
			name = Release;
		};
		6D6C271E1A829C96000D6787 /* Debug */ = {
			isa = XCBuildConfiguration;
			buildSettings = {
				BUNDLE_LOADER = "$(TEST_HOST)";
				FRAMEWORK_SEARCH_PATHS = (
					"$(SDKROOT)/Developer/Library/Frameworks",
					"$(inherited)",
				);
				GCC_PREPROCESSOR_DEFINITIONS = (
					"DEBUG=1",
					"$(inherited)",
				);
				INFOPLIST_FILE = TestGitHubAPITests/Info.plist;
				LD_RUNPATH_SEARCH_PATHS = "$(inherited) @executable_path/Frameworks @loader_path/Frameworks";
				PRODUCT_NAME = "$(TARGET_NAME)";
				TEST_HOST = "$(BUILT_PRODUCTS_DIR)/TestGitHubAPI.app/TestGitHubAPI";
			};
			name = Debug;
		};
		6D6C271F1A829C96000D6787 /* Release */ = {
			isa = XCBuildConfiguration;
			buildSettings = {
				BUNDLE_LOADER = "$(TEST_HOST)";
				FRAMEWORK_SEARCH_PATHS = (
					"$(SDKROOT)/Developer/Library/Frameworks",
					"$(inherited)",
				);
				INFOPLIST_FILE = TestGitHubAPITests/Info.plist;
				LD_RUNPATH_SEARCH_PATHS = "$(inherited) @executable_path/Frameworks @loader_path/Frameworks";
				PRODUCT_NAME = "$(TARGET_NAME)";
				TEST_HOST = "$(BUILT_PRODUCTS_DIR)/TestGitHubAPI.app/TestGitHubAPI";
			};
			name = Release;
		};
/* End XCBuildConfiguration section */

/* Begin XCConfigurationList section */
		6D6C26F21A829C96000D6787 /* Build configuration list for PBXProject "TestGitHubAPI" */ = {
			isa = XCConfigurationList;
			buildConfigurations = (
				6D6C27181A829C96000D6787 /* Debug */,
				6D6C27191A829C96000D6787 /* Release */,
			);
			defaultConfigurationIsVisible = 0;
			defaultConfigurationName = Release;
		};
		6D6C271A1A829C96000D6787 /* Build configuration list for PBXNativeTarget "TestGitHubAPI" */ = {
			isa = XCConfigurationList;
			buildConfigurations = (
				6D6C271B1A829C96000D6787 /* Debug */,
				6D6C271C1A829C96000D6787 /* Release */,
			);
			defaultConfigurationIsVisible = 0;
		};
		6D6C271D1A829C96000D6787 /* Build configuration list for PBXNativeTarget "TestGitHubAPITests" */ = {
			isa = XCConfigurationList;
			buildConfigurations = (
				6D6C271E1A829C96000D6787 /* Debug */,
				6D6C271F1A829C96000D6787 /* Release */,
			);
			defaultConfigurationIsVisible = 0;
		};
/* End XCConfigurationList section */
	};
	rootObject = 6D6C26EF1A829C96000D6787 /* Project object */;
}
